
Microsoft Visual Studio Solution File, Format Version 12.00
# Visual Studio 15
VisualStudioVersion = 15.0.26730.12
MinimumVisualStudioVersion = 10.0.40219.1
Project("{FAE04EC0-301F-11D3-BF4B-00C04F79EFBC}") = "XamarinSignalR.Android", "XamarinSignalR\XamarinSignalR.Android\XamarinSignalR.Android.csproj", "{A6504288-CFA9-4677-9BE6-6F46A4B0E954}"
EndProject
Project("{FAE04EC0-301F-11D3-BF4B-00C04F79EFBC}") = "XamarinSignalR", "XamarinSignalR\XamarinSignalR\XamarinSignalR.csproj", "{B63C2783-E7D7-4610-894F-BE2DD5BB5F13}"
EndProject
Project("{FAE04EC0-301F-11D3-BF4B-00C04F79EFBC}") = "XamarinSignalR.UWP", "XamarinSignalR\XamarinSignalR.UWP\XamarinSignalR.UWP.csproj", "{D50ECBAE-8723-40D9-8191-7899E14A253A}"
EndProject
Project("{FAE04EC0-301F-11D3-BF4B-00C04F79EFBC}") = "XamarinSignalR.iOS", "XamarinSignalR\XamarinSignalR.iOS\XamarinSignalR.iOS.csproj", "{E315E691-5CEE-40B1-BF3F-6987A511F08F}"
EndProject
Project("{FAE04EC0-301F-11D3-BF4B-00C04F79EFBC}") = "XamarinSignalR.Server", "XamarinSignalR.Server\XamarinSignalR.Server.csproj", "{2D066384-6AB9-4849-9426-9CC5C6765322}"
EndProject
Project("{2150E333-8FDC-42A3-9474-1A3956D46DE8}") = "Apps", "Apps", "{50441CDB-4D16-4B8E-8996-EEE86910D935}"
EndProject
Project("{2150E333-8FDC-42A3-9474-1A3956D46DE8}") = "Server", "Server", "{C53C4B9C-623C-4AD7-9914-E855EDC78B3E}"
EndProject
Global
	GlobalSection(SolutionConfigurationPlatforms) = preSolution
		Ad-Hoc|Any CPU = Ad-Hoc|Any CPU
		Ad-Hoc|ARM = Ad-Hoc|ARM
		Ad-Hoc|iPhone = Ad-Hoc|iPhone
		Ad-Hoc|iPhoneSimulator = Ad-Hoc|iPhoneSimulator
		Ad-Hoc|x64 = Ad-Hoc|x64
		Ad-Hoc|x86 = Ad-Hoc|x86
		AppStore|Any CPU = AppStore|Any CPU
		AppStore|ARM = AppStore|ARM
		AppStore|iPhone = AppStore|iPhone
		AppStore|iPhoneSimulator = AppStore|iPhoneSimulator
		AppStore|x64 = AppStore|x64
		AppStore|x86 = AppStore|x86
		Debug|Any CPU = Debug|Any CPU
		Debug|ARM = Debug|ARM
		Debug|iPhone = Debug|iPhone
		Debug|iPhoneSimulator = Debug|iPhoneSimulator
		Debug|x64 = Debug|x64
		Debug|x86 = Debug|x86
		Release|Any CPU = Release|Any CPU
		Release|ARM = Release|ARM
		Release|iPhone = Release|iPhone
		Release|iPhoneSimulator = Release|iPhoneSimulator
		Release|x64 = Release|x64
		Release|x86 = Release|x86
	EndGlobalSection
	GlobalSection(ProjectConfigurationPlatforms) = postSolution
		{A6504288-CFA9-4677-9BE6-6F46A4B0E954}.Ad-Hoc|Any CPU.ActiveCfg = Release|Any CPU
		{A6504288-CFA9-4677-9BE6-6F46A4B0E954}.Ad-Hoc|Any CPU.Build.0 = Release|Any CPU
		{A6504288-CFA9-4677-9BE6-6F46A4B0E954}.Ad-Hoc|Any CPU.Deploy.0 = Release|Any CPU
		{A6504288-CFA9-4677-9BE6-6F46A4B0E954}.Ad-Hoc|ARM.ActiveCfg = Release|Any CPU
		{A6504288-CFA9-4677-9BE6-6F46A4B0E954}.Ad-Hoc|ARM.Build.0 = Release|Any CPU
		{A6504288-CFA9-4677-9BE6-6F46A4B0E954}.Ad-Hoc|ARM.Deploy.0 = Release|Any CPU
		{A6504288-CFA9-4677-9BE6-6F46A4B0E954}.Ad-Hoc|iPhone.ActiveCfg = Release|Any CPU
		{A6504288-CFA9-4677-9BE6-6F46A4B0E954}.Ad-Hoc|iPhone.Build.0 = Release|Any CPU
		{A6504288-CFA9-4677-9BE6-6F46A4B0E954}.Ad-Hoc|iPhone.Deploy.0 = Release|Any CPU
		{A6504288-CFA9-4677-9BE6-6F46A4B0E954}.Ad-Hoc|iPhoneSimulator.ActiveCfg = Release|Any CPU
		{A6504288-CFA9-4677-9BE6-6F46A4B0E954}.Ad-Hoc|iPhoneSimulator.Build.0 = Release|Any CPU
		{A6504288-CFA9-4677-9BE6-6F46A4B0E954}.Ad-Hoc|iPhoneSimulator.Deploy.0 = Release|Any CPU
		{A6504288-CFA9-4677-9BE6-6F46A4B0E954}.Ad-Hoc|x64.ActiveCfg = Release|Any CPU
		{A6504288-CFA9-4677-9BE6-6F46A4B0E954}.Ad-Hoc|x64.Build.0 = Release|Any CPU
		{A6504288-CFA9-4677-9BE6-6F46A4B0E954}.Ad-Hoc|x64.Deploy.0 = Release|Any CPU
		{A6504288-CFA9-4677-9BE6-6F46A4B0E954}.Ad-Hoc|x86.ActiveCfg = Release|Any CPU
		{A6504288-CFA9-4677-9BE6-6F46A4B0E954}.Ad-Hoc|x86.Build.0 = Release|Any CPU
		{A6504288-CFA9-4677-9BE6-6F46A4B0E954}.Ad-Hoc|x86.Deploy.0 = Release|Any CPU
		{A6504288-CFA9-4677-9BE6-6F46A4B0E954}.AppStore|Any CPU.ActiveCfg = Release|Any CPU
		{A6504288-CFA9-4677-9BE6-6F46A4B0E954}.AppStore|Any CPU.Build.0 = Release|Any CPU
		{A6504288-CFA9-4677-9BE6-6F46A4B0E954}.AppStore|Any CPU.Deploy.0 = Release|Any CPU
		{A6504288-CFA9-4677-9BE6-6F46A4B0E954}.AppStore|ARM.ActiveCfg = Release|Any CPU
		{A6504288-CFA9-4677-9BE6-6F46A4B0E954}.AppStore|ARM.Build.0 = Release|Any CPU
		{A6504288-CFA9-4677-9BE6-6F46A4B0E954}.AppStore|ARM.Deploy.0 = Release|Any CPU
		{A6504288-CFA9-4677-9BE6-6F46A4B0E954}.AppStore|iPhone.ActiveCfg = Release|Any CPU
		{A6504288-CFA9-4677-9BE6-6F46A4B0E954}.AppStore|iPhone.Build.0 = Release|Any CPU
		{A6504288-CFA9-4677-9BE6-6F46A4B0E954}.AppStore|iPhone.Deploy.0 = Release|Any CPU
		{A6504288-CFA9-4677-9BE6-6F46A4B0E954}.AppStore|iPhoneSimulator.ActiveCfg = Release|Any CPU
		{A6504288-CFA9-4677-9BE6-6F46A4B0E954}.AppStore|iPhoneSimulator.Build.0 = Release|Any CPU
		{A6504288-CFA9-4677-9BE6-6F46A4B0E954}.AppStore|iPhoneSimulator.Deploy.0 = Release|Any CPU
		{A6504288-CFA9-4677-9BE6-6F46A4B0E954}.AppStore|x64.ActiveCfg = Release|Any CPU
		{A6504288-CFA9-4677-9BE6-6F46A4B0E954}.AppStore|x64.Build.0 = Release|Any CPU
		{A6504288-CFA9-4677-9BE6-6F46A4B0E954}.AppStore|x64.Deploy.0 = Release|Any CPU
		{A6504288-CFA9-4677-9BE6-6F46A4B0E954}.AppStore|x86.ActiveCfg = Release|Any CPU
		{A6504288-CFA9-4677-9BE6-6F46A4B0E954}.AppStore|x86.Build.0 = Release|Any CPU
		{A6504288-CFA9-4677-9BE6-6F46A4B0E954}.AppStore|x86.Deploy.0 = Release|Any CPU
		{A6504288-CFA9-4677-9BE6-6F46A4B0E954}.Debug|Any CPU.ActiveCfg = Debug|Any CPU
		{A6504288-CFA9-4677-9BE6-6F46A4B0E954}.Debug|Any CPU.Build.0 = Debug|Any CPU
		{A6504288-CFA9-4677-9BE6-6F46A4B0E954}.Debug|Any CPU.Deploy.0 = Debug|Any CPU
		{A6504288-CFA9-4677-9BE6-6F46A4B0E954}.Debug|ARM.ActiveCfg = Debug|Any CPU
		{A6504288-CFA9-4677-9BE6-6F46A4B0E954}.Debug|ARM.Build.0 = Debug|Any CPU
		{A6504288-CFA9-4677-9BE6-6F46A4B0E954}.Debug|ARM.Deploy.0 = Debug|Any CPU
		{A6504288-CFA9-4677-9BE6-6F46A4B0E954}.Debug|iPhone.ActiveCfg = Debug|Any CPU
		{A6504288-CFA9-4677-9BE6-6F46A4B0E954}.Debug|iPhone.Build.0 = Debug|Any CPU
		{A6504288-CFA9-4677-9BE6-6F46A4B0E954}.Debug|iPhone.Deploy.0 = Debug|Any CPU
		{A6504288-CFA9-4677-9BE6-6F46A4B0E954}.Debug|iPhoneSimulator.ActiveCfg = Debug|Any CPU
		{A6504288-CFA9-4677-9BE6-6F46A4B0E954}.Debug|iPhoneSimulator.Build.0 = Debug|Any CPU
		{A6504288-CFA9-4677-9BE6-6F46A4B0E954}.Debug|iPhoneSimulator.Deploy.0 = Debug|Any CPU
		{A6504288-CFA9-4677-9BE6-6F46A4B0E954}.Debug|x64.ActiveCfg = Debug|Any CPU
		{A6504288-CFA9-4677-9BE6-6F46A4B0E954}.Debug|x64.Build.0 = Debug|Any CPU
		{A6504288-CFA9-4677-9BE6-6F46A4B0E954}.Debug|x64.Deploy.0 = Debug|Any CPU
		{A6504288-CFA9-4677-9BE6-6F46A4B0E954}.Debug|x86.ActiveCfg = Debug|Any CPU
		{A6504288-CFA9-4677-9BE6-6F46A4B0E954}.Debug|x86.Build.0 = Debug|Any CPU
		{A6504288-CFA9-4677-9BE6-6F46A4B0E954}.Debug|x86.Deploy.0 = Debug|Any CPU
		{A6504288-CFA9-4677-9BE6-6F46A4B0E954}.Release|Any CPU.ActiveCfg = Release|Any CPU
		{A6504288-CFA9-4677-9BE6-6F46A4B0E954}.Release|Any CPU.Build.0 = Release|Any CPU
		{A6504288-CFA9-4677-9BE6-6F46A4B0E954}.Release|Any CPU.Deploy.0 = Release|Any CPU
		{A6504288-CFA9-4677-9BE6-6F46A4B0E954}.Release|ARM.ActiveCfg = Release|Any CPU
		{A6504288-CFA9-4677-9BE6-6F46A4B0E954}.Release|ARM.Build.0 = Release|Any CPU
		{A6504288-CFA9-4677-9BE6-6F46A4B0E954}.Release|ARM.Deploy.0 = Release|Any CPU
		{A6504288-CFA9-4677-9BE6-6F46A4B0E954}.Release|iPhone.ActiveCfg = Release|Any CPU
		{A6504288-CFA9-4677-9BE6-6F46A4B0E954}.Release|iPhone.Build.0 = Release|Any CPU
		{A6504288-CFA9-4677-9BE6-6F46A4B0E954}.Release|iPhone.Deploy.0 = Release|Any CPU
		{A6504288-CFA9-4677-9BE6-6F46A4B0E954}.Release|iPhoneSimulator.ActiveCfg = Release|Any CPU
		{A6504288-CFA9-4677-9BE6-6F46A4B0E954}.Release|iPhoneSimulator.Build.0 = Release|Any CPU
		{A6504288-CFA9-4677-9BE6-6F46A4B0E954}.Release|iPhoneSimulator.Deploy.0 = Release|Any CPU
		{A6504288-CFA9-4677-9BE6-6F46A4B0E954}.Release|x64.ActiveCfg = Release|Any CPU
		{A6504288-CFA9-4677-9BE6-6F46A4B0E954}.Release|x64.Build.0 = Release|Any CPU
		{A6504288-CFA9-4677-9BE6-6F46A4B0E954}.Release|x64.Deploy.0 = Release|Any CPU
		{A6504288-CFA9-4677-9BE6-6F46A4B0E954}.Release|x86.ActiveCfg = Release|Any CPU
		{A6504288-CFA9-4677-9BE6-6F46A4B0E954}.Release|x86.Build.0 = Release|Any CPU
		{A6504288-CFA9-4677-9BE6-6F46A4B0E954}.Release|x86.Deploy.0 = Release|Any CPU
		{B63C2783-E7D7-4610-894F-BE2DD5BB5F13}.Ad-Hoc|Any CPU.ActiveCfg = Release|Any CPU
		{B63C2783-E7D7-4610-894F-BE2DD5BB5F13}.Ad-Hoc|Any CPU.Build.0 = Release|Any CPU
		{B63C2783-E7D7-4610-894F-BE2DD5BB5F13}.Ad-Hoc|ARM.ActiveCfg = Release|Any CPU
		{B63C2783-E7D7-4610-894F-BE2DD5BB5F13}.Ad-Hoc|ARM.Build.0 = Release|Any CPU
		{B63C2783-E7D7-4610-894F-BE2DD5BB5F13}.Ad-Hoc|iPhone.ActiveCfg = Release|Any CPU
		{B63C2783-E7D7-4610-894F-BE2DD5BB5F13}.Ad-Hoc|iPhone.Build.0 = Release|Any CPU
		{B63C2783-E7D7-4610-894F-BE2DD5BB5F13}.Ad-Hoc|iPhoneSimulator.ActiveCfg = Release|Any CPU
		{B63C2783-E7D7-4610-894F-BE2DD5BB5F13}.Ad-Hoc|iPhoneSimulator.Build.0 = Release|Any CPU
		{B63C2783-E7D7-4610-894F-BE2DD5BB5F13}.Ad-Hoc|x64.ActiveCfg = Release|Any CPU
		{B63C2783-E7D7-4610-894F-BE2DD5BB5F13}.Ad-Hoc|x64.Build.0 = Release|Any CPU
		{B63C2783-E7D7-4610-894F-BE2DD5BB5F13}.Ad-Hoc|x86.ActiveCfg = Release|Any CPU
		{B63C2783-E7D7-4610-894F-BE2DD5BB5F13}.Ad-Hoc|x86.Build.0 = Release|Any CPU
		{B63C2783-E7D7-4610-894F-BE2DD5BB5F13}.AppStore|Any CPU.ActiveCfg = Release|Any CPU
		{B63C2783-E7D7-4610-894F-BE2DD5BB5F13}.AppStore|Any CPU.Build.0 = Release|Any CPU
		{B63C2783-E7D7-4610-894F-BE2DD5BB5F13}.AppStore|ARM.ActiveCfg = Release|Any CPU
		{B63C2783-E7D7-4610-894F-BE2DD5BB5F13}.AppStore|ARM.Build.0 = Release|Any CPU
		{B63C2783-E7D7-4610-894F-BE2DD5BB5F13}.AppStore|iPhone.ActiveCfg = Release|Any CPU
		{B63C2783-E7D7-4610-894F-BE2DD5BB5F13}.AppStore|iPhone.Build.0 = Release|Any CPU
		{B63C2783-E7D7-4610-894F-BE2DD5BB5F13}.AppStore|iPhoneSimulator.ActiveCfg = Release|Any CPU
		{B63C2783-E7D7-4610-894F-BE2DD5BB5F13}.AppStore|iPhoneSimulator.Build.0 = Release|Any CPU
		{B63C2783-E7D7-4610-894F-BE2DD5BB5F13}.AppStore|x64.ActiveCfg = Release|Any CPU
		{B63C2783-E7D7-4610-894F-BE2DD5BB5F13}.AppStore|x64.Build.0 = Release|Any CPU
		{B63C2783-E7D7-4610-894F-BE2DD5BB5F13}.AppStore|x86.ActiveCfg = Release|Any CPU
		{B63C2783-E7D7-4610-894F-BE2DD5BB5F13}.AppStore|x86.Build.0 = Release|Any CPU
		{B63C2783-E7D7-4610-894F-BE2DD5BB5F13}.Debug|Any CPU.ActiveCfg = Debug|Any CPU
		{B63C2783-E7D7-4610-894F-BE2DD5BB5F13}.Debug|Any CPU.Build.0 = Debug|Any CPU
		{B63C2783-E7D7-4610-894F-BE2DD5BB5F13}.Debug|ARM.ActiveCfg = Debug|Any CPU
		{B63C2783-E7D7-4610-894F-BE2DD5BB5F13}.Debug|ARM.Build.0 = Debug|Any CPU
		{B63C2783-E7D7-4610-894F-BE2DD5BB5F13}.Debug|iPhone.ActiveCfg = Debug|Any CPU
		{B63C2783-E7D7-4610-894F-BE2DD5BB5F13}.Debug|iPhone.Build.0 = Debug|Any CPU
		{B63C2783-E7D7-4610-894F-BE2DD5BB5F13}.Debug|iPhoneSimulator.ActiveCfg = Debug|Any CPU
		{B63C2783-E7D7-4610-894F-BE2DD5BB5F13}.Debug|iPhoneSimulator.Build.0 = Debug|Any CPU
		{B63C2783-E7D7-4610-894F-BE2DD5BB5F13}.Debug|x64.ActiveCfg = Debug|Any CPU
		{B63C2783-E7D7-4610-894F-BE2DD5BB5F13}.Debug|x64.Build.0 = Debug|Any CPU
		{B63C2783-E7D7-4610-894F-BE2DD5BB5F13}.Debug|x86.ActiveCfg = Debug|Any CPU
		{B63C2783-E7D7-4610-894F-BE2DD5BB5F13}.Debug|x86.Build.0 = Debug|Any CPU
		{B63C2783-E7D7-4610-894F-BE2DD5BB5F13}.Release|Any CPU.ActiveCfg = Release|Any CPU
		{B63C2783-E7D7-4610-894F-BE2DD5BB5F13}.Release|Any CPU.Build.0 = Release|Any CPU
		{B63C2783-E7D7-4610-894F-BE2DD5BB5F13}.Release|ARM.ActiveCfg = Release|Any CPU
		{B63C2783-E7D7-4610-894F-BE2DD5BB5F13}.Release|ARM.Build.0 = Release|Any CPU
		{B63C2783-E7D7-4610-894F-BE2DD5BB5F13}.Release|iPhone.ActiveCfg = Release|Any CPU
		{B63C2783-E7D7-4610-894F-BE2DD5BB5F13}.Release|iPhone.Build.0 = Release|Any CPU
		{B63C2783-E7D7-4610-894F-BE2DD5BB5F13}.Release|iPhoneSimulator.ActiveCfg = Release|Any CPU
		{B63C2783-E7D7-4610-894F-BE2DD5BB5F13}.Release|iPhoneSimulator.Build.0 = Release|Any CPU
		{B63C2783-E7D7-4610-894F-BE2DD5BB5F13}.Release|x64.ActiveCfg = Release|Any CPU
		{B63C2783-E7D7-4610-894F-BE2DD5BB5F13}.Release|x64.Build.0 = Release|Any CPU
		{B63C2783-E7D7-4610-894F-BE2DD5BB5F13}.Release|x86.ActiveCfg = Release|Any CPU
		{B63C2783-E7D7-4610-894F-BE2DD5BB5F13}.Release|x86.Build.0 = Release|Any CPU
		{D50ECBAE-8723-40D9-8191-7899E14A253A}.Ad-Hoc|Any CPU.ActiveCfg = Release|x86
		{D50ECBAE-8723-40D9-8191-7899E14A253A}.Ad-Hoc|Any CPU.Build.0 = Release|x86
		{D50ECBAE-8723-40D9-8191-7899E14A253A}.Ad-Hoc|Any CPU.Deploy.0 = Release|x86
		{D50ECBAE-8723-40D9-8191-7899E14A253A}.Ad-Hoc|ARM.ActiveCfg = Release|ARM
		{D50ECBAE-8723-40D9-8191-7899E14A253A}.Ad-Hoc|ARM.Build.0 = Release|ARM
		{D50ECBAE-8723-40D9-8191-7899E14A253A}.Ad-Hoc|ARM.Deploy.0 = Release|ARM
		{D50ECBAE-8723-40D9-8191-7899E14A253A}.Ad-Hoc|iPhone.ActiveCfg = Release|x86
		{D50ECBAE-8723-40D9-8191-7899E14A253A}.Ad-Hoc|iPhone.Build.0 = Release|x86
		{D50ECBAE-8723-40D9-8191-7899E14A253A}.Ad-Hoc|iPhone.Deploy.0 = Release|x86
		{D50ECBAE-8723-40D9-8191-7899E14A253A}.Ad-Hoc|iPhoneSimulator.ActiveCfg = Release|x86
		{D50ECBAE-8723-40D9-8191-7899E14A253A}.Ad-Hoc|iPhoneSimulator.Build.0 = Release|x86
		{D50ECBAE-8723-40D9-8191-7899E14A253A}.Ad-Hoc|iPhoneSimulator.Deploy.0 = Release|x86
		{D50ECBAE-8723-40D9-8191-7899E14A253A}.Ad-Hoc|x64.ActiveCfg = Release|x64
		{D50ECBAE-8723-40D9-8191-7899E14A253A}.Ad-Hoc|x64.Build.0 = Release|x64
		{D50ECBAE-8723-40D9-8191-7899E14A253A}.Ad-Hoc|x64.Deploy.0 = Release|x64
		{D50ECBAE-8723-40D9-8191-7899E14A253A}.Ad-Hoc|x86.ActiveCfg = Release|x86
		{D50ECBAE-8723-40D9-8191-7899E14A253A}.Ad-Hoc|x86.Build.0 = Release|x86
		{D50ECBAE-8723-40D9-8191-7899E14A253A}.Ad-Hoc|x86.Deploy.0 = Release|x86
		{D50ECBAE-8723-40D9-8191-7899E14A253A}.AppStore|Any CPU.ActiveCfg = Release|x86
		{D50ECBAE-8723-40D9-8191-7899E14A253A}.AppStore|Any CPU.Build.0 = Release|x86
		{D50ECBAE-8723-40D9-8191-7899E14A253A}.AppStore|Any CPU.Deploy.0 = Release|x86
		{D50ECBAE-8723-40D9-8191-7899E14A253A}.AppStore|ARM.ActiveCfg = Release|ARM
		{D50ECBAE-8723-40D9-8191-7899E14A253A}.AppStore|ARM.Build.0 = Release|ARM
		{D50ECBAE-8723-40D9-8191-7899E14A253A}.AppStore|ARM.Deploy.0 = Release|ARM
		{D50ECBAE-8723-40D9-8191-7899E14A253A}.AppStore|iPhone.ActiveCfg = Release|x86
		{D50ECBAE-8723-40D9-8191-7899E14A253A}.AppStore|iPhone.Build.0 = Release|x86
		{D50ECBAE-8723-40D9-8191-7899E14A253A}.AppStore|iPhone.Deploy.0 = Release|x86
		{D50ECBAE-8723-40D9-8191-7899E14A253A}.AppStore|iPhoneSimulator.ActiveCfg = Release|x86
		{D50ECBAE-8723-40D9-8191-7899E14A253A}.AppStore|iPhoneSimulator.Build.0 = Release|x86
		{D50ECBAE-8723-40D9-8191-7899E14A253A}.AppStore|iPhoneSimulator.Deploy.0 = Release|x86
		{D50ECBAE-8723-40D9-8191-7899E14A253A}.AppStore|x64.ActiveCfg = Release|x64
		{D50ECBAE-8723-40D9-8191-7899E14A253A}.AppStore|x64.Build.0 = Release|x64
		{D50ECBAE-8723-40D9-8191-7899E14A253A}.AppStore|x64.Deploy.0 = Release|x64
		{D50ECBAE-8723-40D9-8191-7899E14A253A}.AppStore|x86.ActiveCfg = Release|x86
		{D50ECBAE-8723-40D9-8191-7899E14A253A}.AppStore|x86.Build.0 = Release|x86
		{D50ECBAE-8723-40D9-8191-7899E14A253A}.AppStore|x86.Deploy.0 = Release|x86
		{D50ECBAE-8723-40D9-8191-7899E14A253A}.Debug|Any CPU.ActiveCfg = Debug|x86
		{D50ECBAE-8723-40D9-8191-7899E14A253A}.Debug|ARM.ActiveCfg = Debug|ARM
		{D50ECBAE-8723-40D9-8191-7899E14A253A}.Debug|ARM.Build.0 = Debug|ARM
		{D50ECBAE-8723-40D9-8191-7899E14A253A}.Debug|ARM.Deploy.0 = Debug|ARM
		{D50ECBAE-8723-40D9-8191-7899E14A253A}.Debug|iPhone.ActiveCfg = Debug|x86
		{D50ECBAE-8723-40D9-8191-7899E14A253A}.Debug|iPhoneSimulator.ActiveCfg = Debug|x86
		{D50ECBAE-8723-40D9-8191-7899E14A253A}.Debug|x64.ActiveCfg = Debug|x64
		{D50ECBAE-8723-40D9-8191-7899E14A253A}.Debug|x64.Build.0 = Debug|x64
		{D50ECBAE-8723-40D9-8191-7899E14A253A}.Debug|x64.Deploy.0 = Debug|x64
		{D50ECBAE-8723-40D9-8191-7899E14A253A}.Debug|x86.ActiveCfg = Debug|x86
		{D50ECBAE-8723-40D9-8191-7899E14A253A}.Debug|x86.Build.0 = Debug|x86
		{D50ECBAE-8723-40D9-8191-7899E14A253A}.Debug|x86.Deploy.0 = Debug|x86
		{D50ECBAE-8723-40D9-8191-7899E14A253A}.Release|Any CPU.ActiveCfg = Release|x86
		{D50ECBAE-8723-40D9-8191-7899E14A253A}.Release|ARM.ActiveCfg = Release|ARM
		{D50ECBAE-8723-40D9-8191-7899E14A253A}.Release|ARM.Build.0 = Release|ARM
		{D50ECBAE-8723-40D9-8191-7899E14A253A}.Release|ARM.Deploy.0 = Release|ARM
		{D50ECBAE-8723-40D9-8191-7899E14A253A}.Release|iPhone.ActiveCfg = Release|x86
		{D50ECBAE-8723-40D9-8191-7899E14A253A}.Release|iPhoneSimulator.ActiveCfg = Release|x86
		{D50ECBAE-8723-40D9-8191-7899E14A253A}.Release|x64.ActiveCfg = Release|x64
		{D50ECBAE-8723-40D9-8191-7899E14A253A}.Release|x64.Build.0 = Release|x64
		{D50ECBAE-8723-40D9-8191-7899E14A253A}.Release|x64.Deploy.0 = Release|x64
		{D50ECBAE-8723-40D9-8191-7899E14A253A}.Release|x86.ActiveCfg = Release|x86
		{D50ECBAE-8723-40D9-8191-7899E14A253A}.Release|x86.Build.0 = Release|x86
		{D50ECBAE-8723-40D9-8191-7899E14A253A}.Release|x86.Deploy.0 = Release|x86
		{E315E691-5CEE-40B1-BF3F-6987A511F08F}.Ad-Hoc|Any CPU.ActiveCfg = Ad-Hoc|iPhone
		{E315E691-5CEE-40B1-BF3F-6987A511F08F}.Ad-Hoc|ARM.ActiveCfg = Ad-Hoc|iPhone
		{E315E691-5CEE-40B1-BF3F-6987A511F08F}.Ad-Hoc|iPhone.ActiveCfg = Ad-Hoc|iPhone
		{E315E691-5CEE-40B1-BF3F-6987A511F08F}.Ad-Hoc|iPhone.Build.0 = Ad-Hoc|iPhone
		{E315E691-5CEE-40B1-BF3F-6987A511F08F}.Ad-Hoc|iPhoneSimulator.ActiveCfg = Ad-Hoc|iPhoneSimulator
		{E315E691-5CEE-40B1-BF3F-6987A511F08F}.Ad-Hoc|iPhoneSimulator.Build.0 = Ad-Hoc|iPhoneSimulator
		{E315E691-5CEE-40B1-BF3F-6987A511F08F}.Ad-Hoc|x64.ActiveCfg = Ad-Hoc|iPhone
		{E315E691-5CEE-40B1-BF3F-6987A511F08F}.Ad-Hoc|x86.ActiveCfg = Ad-Hoc|iPhone
		{E315E691-5CEE-40B1-BF3F-6987A511F08F}.AppStore|Any CPU.ActiveCfg = AppStore|iPhone
		{E315E691-5CEE-40B1-BF3F-6987A511F08F}.AppStore|ARM.ActiveCfg = AppStore|iPhone
		{E315E691-5CEE-40B1-BF3F-6987A511F08F}.AppStore|iPhone.ActiveCfg = AppStore|iPhone
		{E315E691-5CEE-40B1-BF3F-6987A511F08F}.AppStore|iPhone.Build.0 = AppStore|iPhone
		{E315E691-5CEE-40B1-BF3F-6987A511F08F}.AppStore|iPhoneSimulator.ActiveCfg = AppStore|iPhoneSimulator
		{E315E691-5CEE-40B1-BF3F-6987A511F08F}.AppStore|iPhoneSimulator.Build.0 = AppStore|iPhoneSimulator
		{E315E691-5CEE-40B1-BF3F-6987A511F08F}.AppStore|x64.ActiveCfg = AppStore|iPhone
		{E315E691-5CEE-40B1-BF3F-6987A511F08F}.AppStore|x86.ActiveCfg = AppStore|iPhone
		{E315E691-5CEE-40B1-BF3F-6987A511F08F}.Debug|Any CPU.ActiveCfg = Debug|iPhone
		{E315E691-5CEE-40B1-BF3F-6987A511F08F}.Debug|ARM.ActiveCfg = Debug|iPhone
		{E315E691-5CEE-40B1-BF3F-6987A511F08F}.Debug|iPhone.ActiveCfg = Debug|iPhone
		{E315E691-5CEE-40B1-BF3F-6987A511F08F}.Debug|iPhone.Build.0 = Debug|iPhone
		{E315E691-5CEE-40B1-BF3F-6987A511F08F}.Debug|iPhoneSimulator.ActiveCfg = Debug|iPhoneSimulator
		{E315E691-5CEE-40B1-BF3F-6987A511F08F}.Debug|iPhoneSimulator.Build.0 = Debug|iPhoneSimulator
		{E315E691-5CEE-40B1-BF3F-6987A511F08F}.Debug|x64.ActiveCfg = Debug|iPhone
		{E315E691-5CEE-40B1-BF3F-6987A511F08F}.Debug|x86.ActiveCfg = Debug|iPhone
		{E315E691-5CEE-40B1-BF3F-6987A511F08F}.Release|Any CPU.ActiveCfg = Release|iPhone
		{E315E691-5CEE-40B1-BF3F-6987A511F08F}.Release|ARM.ActiveCfg = Release|iPhone
		{E315E691-5CEE-40B1-BF3F-6987A511F08F}.Release|iPhone.ActiveCfg = Release|iPhone
		{E315E691-5CEE-40B1-BF3F-6987A511F08F}.Release|iPhone.Build.0 = Release|iPhone
		{E315E691-5CEE-40B1-BF3F-6987A511F08F}.Release|iPhoneSimulator.ActiveCfg = Release|iPhoneSimulator
		{E315E691-5CEE-40B1-BF3F-6987A511F08F}.Release|iPhoneSimulator.Build.0 = Release|iPhoneSimulator
		{E315E691-5CEE-40B1-BF3F-6987A511F08F}.Release|x64.ActiveCfg = Release|iPhone
		{E315E691-5CEE-40B1-BF3F-6987A511F08F}.Release|x86.ActiveCfg = Release|iPhone
		{2D066384-6AB9-4849-9426-9CC5C6765322}.Ad-Hoc|Any CPU.ActiveCfg = Release|Any CPU
		{2D066384-6AB9-4849-9426-9CC5C6765322}.Ad-Hoc|Any CPU.Build.0 = Release|Any CPU
		{2D066384-6AB9-4849-9426-9CC5C6765322}.Ad-Hoc|ARM.ActiveCfg = Release|Any CPU
		{2D066384-6AB9-4849-9426-9CC5C6765322}.Ad-Hoc|ARM.Build.0 = Release|Any CPU
		{2D066384-6AB9-4849-9426-9CC5C6765322}.Ad-Hoc|iPhone.ActiveCfg = Release|Any CPU
		{2D066384-6AB9-4849-9426-9CC5C6765322}.Ad-Hoc|iPhone.Build.0 = Release|Any CPU
		{2D066384-6AB9-4849-9426-9CC5C6765322}.Ad-Hoc|iPhoneSimulator.ActiveCfg = Release|Any CPU
		{2D066384-6AB9-4849-9426-9CC5C6765322}.Ad-Hoc|iPhoneSimulator.Build.0 = Release|Any CPU
		{2D066384-6AB9-4849-9426-9CC5C6765322}.Ad-Hoc|x64.ActiveCfg = Release|Any CPU
		{2D066384-6AB9-4849-9426-9CC5C6765322}.Ad-Hoc|x64.Build.0 = Release|Any CPU
		{2D066384-6AB9-4849-9426-9CC5C6765322}.Ad-Hoc|x86.ActiveCfg = Release|Any CPU
		{2D066384-6AB9-4849-9426-9CC5C6765322}.Ad-Hoc|x86.Build.0 = Release|Any CPU
		{2D066384-6AB9-4849-9426-9CC5C6765322}.AppStore|Any CPU.ActiveCfg = Release|Any CPU
		{2D066384-6AB9-4849-9426-9CC5C6765322}.AppStore|Any CPU.Build.0 = Release|Any CPU
		{2D066384-6AB9-4849-9426-9CC5C6765322}.AppStore|ARM.ActiveCfg = Release|Any CPU
		{2D066384-6AB9-4849-9426-9CC5C6765322}.AppStore|ARM.Build.0 = Release|Any CPU
		{2D066384-6AB9-4849-9426-9CC5C6765322}.AppStore|iPhone.ActiveCfg = Release|Any CPU
		{2D066384-6AB9-4849-9426-9CC5C6765322}.AppStore|iPhone.Build.0 = Release|Any CPU
		{2D066384-6AB9-4849-9426-9CC5C6765322}.AppStore|iPhoneSimulator.ActiveCfg = Release|Any CPU
		{2D066384-6AB9-4849-9426-9CC5C6765322}.AppStore|iPhoneSimulator.Build.0 = Release|Any CPU
		{2D066384-6AB9-4849-9426-9CC5C6765322}.AppStore|x64.ActiveCfg = Release|Any CPU
		{2D066384-6AB9-4849-9426-9CC5C6765322}.AppStore|x64.Build.0 = Release|Any CPU
		{2D066384-6AB9-4849-9426-9CC5C6765322}.AppStore|x86.ActiveCfg = Release|Any CPU
		{2D066384-6AB9-4849-9426-9CC5C6765322}.AppStore|x86.Build.0 = Release|Any CPU
		{2D066384-6AB9-4849-9426-9CC5C6765322}.Debug|Any CPU.ActiveCfg = Debug|Any CPU
		{2D066384-6AB9-4849-9426-9CC5C6765322}.Debug|Any CPU.Build.0 = Debug|Any CPU
		{2D066384-6AB9-4849-9426-9CC5C6765322}.Debug|ARM.ActiveCfg = Debug|Any CPU
		{2D066384-6AB9-4849-9426-9CC5C6765322}.Debug|ARM.Build.0 = Debug|Any CPU
		{2D066384-6AB9-4849-9426-9CC5C6765322}.Debug|iPhone.ActiveCfg = Debug|Any CPU
		{2D066384-6AB9-4849-9426-9CC5C6765322}.Debug|iPhone.Build.0 = Debug|Any CPU
		{2D066384-6AB9-4849-9426-9CC5C6765322}.Debug|iPhoneSimulator.ActiveCfg = Debug|Any CPU
		{2D066384-6AB9-4849-9426-9CC5C6765322}.Debug|iPhoneSimulator.Build.0 = Debug|Any CPU
		{2D066384-6AB9-4849-9426-9CC5C6765322}.Debug|x64.ActiveCfg = Debug|Any CPU
		{2D066384-6AB9-4849-9426-9CC5C6765322}.Debug|x64.Build.0 = Debug|Any CPU
		{2D066384-6AB9-4849-9426-9CC5C6765322}.Debug|x86.ActiveCfg = Debug|Any CPU
		{2D066384-6AB9-4849-9426-9CC5C6765322}.Debug|x86.Build.0 = Debug|Any CPU
		{2D066384-6AB9-4849-9426-9CC5C6765322}.Release|Any CPU.ActiveCfg = Release|Any CPU
		{2D066384-6AB9-4849-9426-9CC5C6765322}.Release|Any CPU.Build.0 = Release|Any CPU
		{2D066384-6AB9-4849-9426-9CC5C6765322}.Release|ARM.ActiveCfg = Release|Any CPU
		{2D066384-6AB9-4849-9426-9CC5C6765322}.Release|ARM.Build.0 = Release|Any CPU
		{2D066384-6AB9-4849-9426-9CC5C6765322}.Release|iPhone.ActiveCfg = Release|Any CPU
		{2D066384-6AB9-4849-9426-9CC5C6765322}.Release|iPhone.Build.0 = Release|Any CPU
		{2D066384-6AB9-4849-9426-9CC5C6765322}.Release|iPhoneSimulator.ActiveCfg = Release|Any CPU
		{2D066384-6AB9-4849-9426-9CC5C6765322}.Release|iPhoneSimulator.Build.0 = Release|Any CPU
		{2D066384-6AB9-4849-9426-9CC5C6765322}.Release|x64.ActiveCfg = Release|Any CPU
		{2D066384-6AB9-4849-9426-9CC5C6765322}.Release|x64.Build.0 = Release|Any CPU
		{2D066384-6AB9-4849-9426-9CC5C6765322}.Release|x86.ActiveCfg = Release|Any CPU
		{2D066384-6AB9-4849-9426-9CC5C6765322}.Release|x86.Build.0 = Release|Any CPU
	EndGlobalSection
	GlobalSection(SolutionProperties) = preSolution
		HideSolutionNode = FALSE
	EndGlobalSection
	GlobalSection(NestedProjects) = preSolution
		{A6504288-CFA9-4677-9BE6-6F46A4B0E954} = {50441CDB-4D16-4B8E-8996-EEE86910D935}
		{B63C2783-E7D7-4610-894F-BE2DD5BB5F13} = {50441CDB-4D16-4B8E-8996-EEE86910D935}
		{D50ECBAE-8723-40D9-8191-7899E14A253A} = {50441CDB-4D16-4B8E-8996-EEE86910D935}
		{E315E691-5CEE-40B1-BF3F-6987A511F08F} = {50441CDB-4D16-4B8E-8996-EEE86910D935}
		{2D066384-6AB9-4849-9426-9CC5C6765322} = {C53C4B9C-623C-4AD7-9914-E855EDC78B3E}
	EndGlobalSection
	GlobalSection(ExtensibilityGlobals) = postSolution
		SolutionGuid = {614A106E-73EB-4476-864C-6EFBA97DFF7A}
	EndGlobalSection
EndGlobal
